// !$*UTF8*$!
{
	archiveVersion = 1;
	classes = {
	};
	objectVersion = 48;
	objects = {

/* Begin PBXBuildFile section */
		E0DD2974D6103964F10CB9FC /* Pods_fiveCardsTechnicalTask.framework in Frameworks */ = {isa = PBXBuildFile; fileRef = 73E3AE793A921C8C66D3DDB2 /* Pods_fiveCardsTechnicalTask.framework */; };
		ED65AFF21FA9CB610067D01B /* AppDelegate.swift in Sources */ = {isa = PBXBuildFile; fileRef = ED65AFF11FA9CB610067D01B /* AppDelegate.swift */; };
		ED65AFF41FA9CB610067D01B /* MainViewController.swift in Sources */ = {isa = PBXBuildFile; fileRef = ED65AFF31FA9CB610067D01B /* MainViewController.swift */; };
		ED65AFF71FA9CB610067D01B /* Main.storyboard in Resources */ = {isa = PBXBuildFile; fileRef = ED65AFF51FA9CB610067D01B /* Main.storyboard */; };
		ED65AFF91FA9CB610067D01B /* Assets.xcassets in Resources */ = {isa = PBXBuildFile; fileRef = ED65AFF81FA9CB610067D01B /* Assets.xcassets */; };
		ED65AFFC1FA9CB610067D01B /* LaunchScreen.storyboard in Resources */ = {isa = PBXBuildFile; fileRef = ED65AFFA1FA9CB610067D01B /* LaunchScreen.storyboard */; };
		ED65B0051FA9D2D10067D01B /* RoundedButton.swift in Sources */ = {isa = PBXBuildFile; fileRef = ED65B0031FA9D2D10067D01B /* RoundedButton.swift */; };
		ED65B0061FA9D2D10067D01B /* RoundedView.swift in Sources */ = {isa = PBXBuildFile; fileRef = ED65B0041FA9D2D10067D01B /* RoundedView.swift */; };
		ED65B00B1FA9EA9B0067D01B /* PostViewController.swift in Sources */ = {isa = PBXBuildFile; fileRef = ED65B00A1FA9EA9B0067D01B /* PostViewController.swift */; };
		ED65B00D1FA9EAAE0067D01B /* CommentViewController.swift in Sources */ = {isa = PBXBuildFile; fileRef = ED65B00C1FA9EAAE0067D01B /* CommentViewController.swift */; };
		ED65B00F1FA9EABC0067D01B /* UsersViewController.swift in Sources */ = {isa = PBXBuildFile; fileRef = ED65B00E1FA9EABC0067D01B /* UsersViewController.swift */; };
		ED65B0111FA9EAC50067D01B /* PhotoViewController.swift in Sources */ = {isa = PBXBuildFile; fileRef = ED65B0101FA9EAC50067D01B /* PhotoViewController.swift */; };
		ED65B0131FA9EACF0067D01B /* RandomTodoViewController.swift in Sources */ = {isa = PBXBuildFile; fileRef = ED65B0121FA9EACF0067D01B /* RandomTodoViewController.swift */; };
		ED65B0151FA9EB760067D01B /* UserTableViewCell.swift in Sources */ = {isa = PBXBuildFile; fileRef = ED65B0141FA9EB760067D01B /* UserTableViewCell.swift */; };
/* End PBXBuildFile section */

/* Begin PBXFileReference section */
		73E3AE793A921C8C66D3DDB2 /* Pods_fiveCardsTechnicalTask.framework */ = {isa = PBXFileReference; explicitFileType = wrapper.framework; includeInIndex = 0; path = Pods_fiveCardsTechnicalTask.framework; sourceTree = BUILT_PRODUCTS_DIR; };
		9AC8D7555C1F5B59CA8B9261 /* Pods-fiveCardsTechnicalTask.release.xcconfig */ = {isa = PBXFileReference; includeInIndex = 1; lastKnownFileType = text.xcconfig; name = "Pods-fiveCardsTechnicalTask.release.xcconfig"; path = "Pods/Target Support Files/Pods-fiveCardsTechnicalTask/Pods-fiveCardsTechnicalTask.release.xcconfig"; sourceTree = "<group>"; };
		B81BD72CF9364F7533430CFD /* Pods-fiveCardsTechnicalTask.debug.xcconfig */ = {isa = PBXFileReference; includeInIndex = 1; lastKnownFileType = text.xcconfig; name = "Pods-fiveCardsTechnicalTask.debug.xcconfig"; path = "Pods/Target Support Files/Pods-fiveCardsTechnicalTask/Pods-fiveCardsTechnicalTask.debug.xcconfig"; sourceTree = "<group>"; };
		ED65AFEE1FA9CB610067D01B /* fiveCardsTechnicalTask.app */ = {isa = PBXFileReference; explicitFileType = wrapper.application; includeInIndex = 0; path = fiveCardsTechnicalTask.app; sourceTree = BUILT_PRODUCTS_DIR; };
		ED65AFF11FA9CB610067D01B /* AppDelegate.swift */ = {isa = PBXFileReference; lastKnownFileType = sourcecode.swift; path = AppDelegate.swift; sourceTree = "<group>"; };
		ED65AFF31FA9CB610067D01B /* MainViewController.swift */ = {isa = PBXFileReference; lastKnownFileType = sourcecode.swift; path = MainViewController.swift; sourceTree = "<group>"; };
		ED65AFF61FA9CB610067D01B /* Base */ = {isa = PBXFileReference; lastKnownFileType = file.storyboard; name = Base; path = Base.lproj/Main.storyboard; sourceTree = "<group>"; };
		ED65AFF81FA9CB610067D01B /* Assets.xcassets */ = {isa = PBXFileReference; lastKnownFileType = folder.assetcatalog; path = Assets.xcassets; sourceTree = "<group>"; };
		ED65AFFB1FA9CB610067D01B /* Base */ = {isa = PBXFileReference; lastKnownFileType = file.storyboard; name = Base; path = Base.lproj/LaunchScreen.storyboard; sourceTree = "<group>"; };
		ED65AFFD1FA9CB610067D01B /* Info.plist */ = {isa = PBXFileReference; lastKnownFileType = text.plist.xml; path = Info.plist; sourceTree = "<group>"; };
		ED65B0031FA9D2D10067D01B /* RoundedButton.swift */ = {isa = PBXFileReference; fileEncoding = 4; lastKnownFileType = sourcecode.swift; path = RoundedButton.swift; sourceTree = "<group>"; };
		ED65B0041FA9D2D10067D01B /* RoundedView.swift */ = {isa = PBXFileReference; fileEncoding = 4; lastKnownFileType = sourcecode.swift; path = RoundedView.swift; sourceTree = "<group>"; };
		ED65B00A1FA9EA9B0067D01B /* PostViewController.swift */ = {isa = PBXFileReference; lastKnownFileType = sourcecode.swift; path = PostViewController.swift; sourceTree = "<group>"; };
		ED65B00C1FA9EAAE0067D01B /* CommentViewController.swift */ = {isa = PBXFileReference; lastKnownFileType = sourcecode.swift; path = CommentViewController.swift; sourceTree = "<group>"; };
		ED65B00E1FA9EABC0067D01B /* UsersViewController.swift */ = {isa = PBXFileReference; lastKnownFileType = sourcecode.swift; path = UsersViewController.swift; sourceTree = "<group>"; };
		ED65B0101FA9EAC50067D01B /* PhotoViewController.swift */ = {isa = PBXFileReference; lastKnownFileType = sourcecode.swift; path = PhotoViewController.swift; sourceTree = "<group>"; };
		ED65B0121FA9EACF0067D01B /* RandomTodoViewController.swift */ = {isa = PBXFileReference; lastKnownFileType = sourcecode.swift; path = RandomTodoViewController.swift; sourceTree = "<group>"; };
		ED65B0141FA9EB760067D01B /* UserTableViewCell.swift */ = {isa = PBXFileReference; lastKnownFileType = sourcecode.swift; path = UserTableViewCell.swift; sourceTree = "<group>"; };
/* End PBXFileReference section */

/* Begin PBXFrameworksBuildPhase section */
		ED65AFEB1FA9CB610067D01B /* Frameworks */ = {
			isa = PBXFrameworksBuildPhase;
			buildActionMask = 2147483647;
			files = (
				E0DD2974D6103964F10CB9FC /* Pods_fiveCardsTechnicalTask.framework in Frameworks */,
			);
			runOnlyForDeploymentPostprocessing = 0;
		};
/* End PBXFrameworksBuildPhase section */

/* Begin PBXGroup section */
		540BAA85231D4A1DE2572A8E /* Frameworks */ = {
			isa = PBXGroup;
			children = (
				73E3AE793A921C8C66D3DDB2 /* Pods_fiveCardsTechnicalTask.framework */,
			);
			name = Frameworks;
			sourceTree = "<group>";
		};
		805CC266CD5FE61297974ED8 /* Pods */ = {
			isa = PBXGroup;
			children = (
				B81BD72CF9364F7533430CFD /* Pods-fiveCardsTechnicalTask.debug.xcconfig */,
				9AC8D7555C1F5B59CA8B9261 /* Pods-fiveCardsTechnicalTask.release.xcconfig */,
			);
			name = Pods;
			sourceTree = "<group>";
		};
		ED65AFE51FA9CB610067D01B = {
			isa = PBXGroup;
			children = (
				ED65AFF01FA9CB610067D01B /* fiveCardsTechnicalTask */,
				ED65AFEF1FA9CB610067D01B /* Products */,
				805CC266CD5FE61297974ED8 /* Pods */,
				540BAA85231D4A1DE2572A8E /* Frameworks */,
			);
			sourceTree = "<group>";
		};
		ED65AFEF1FA9CB610067D01B /* Products */ = {
			isa = PBXGroup;
			children = (
				ED65AFEE1FA9CB610067D01B /* fiveCardsTechnicalTask.app */,
			);
			name = Products;
			sourceTree = "<group>";
		};
		ED65AFF01FA9CB610067D01B /* fiveCardsTechnicalTask */ = {
			isa = PBXGroup;
			children = (
				ED65AFF11FA9CB610067D01B /* AppDelegate.swift */,
				ED65AFF31FA9CB610067D01B /* MainViewController.swift */,
				ED65B00A1FA9EA9B0067D01B /* PostViewController.swift */,
				ED65B00C1FA9EAAE0067D01B /* CommentViewController.swift */,
				ED65B0161FA9EB7B0067D01B /* Users Scene */,
				ED65B0101FA9EAC50067D01B /* PhotoViewController.swift */,
				ED65B0121FA9EACF0067D01B /* RandomTodoViewController.swift */,
				ED65AFF51FA9CB610067D01B /* Main.storyboard */,
				ED65B0071FA9D2D70067D01B /* Rounded Views */,
				ED65AFF81FA9CB610067D01B /* Assets.xcassets */,
				ED65AFFA1FA9CB610067D01B /* LaunchScreen.storyboard */,
				ED65AFFD1FA9CB610067D01B /* Info.plist */,
			);
			path = fiveCardsTechnicalTask;
			sourceTree = "<group>";
		};
		ED65B0071FA9D2D70067D01B /* Rounded Views */ = {
			isa = PBXGroup;
			children = (
				ED65B0031FA9D2D10067D01B /* RoundedButton.swift */,
				ED65B0041FA9D2D10067D01B /* RoundedView.swift */,
			);
			path = "Rounded Views";
			sourceTree = "<group>";
		};
		ED65B0161FA9EB7B0067D01B /* Users Scene */ = {
			isa = PBXGroup;
			children = (
				ED65B00E1FA9EABC0067D01B /* UsersViewController.swift */,
				ED65B0141FA9EB760067D01B /* UserTableViewCell.swift */,
			);
			path = "Users Scene";
			sourceTree = "<group>";
		};
/* End PBXGroup section */

/* Begin PBXNativeTarget section */
		ED65AFED1FA9CB610067D01B /* fiveCardsTechnicalTask */ = {
			isa = PBXNativeTarget;
			buildConfigurationList = ED65B0001FA9CB610067D01B /* Build configuration list for PBXNativeTarget "fiveCardsTechnicalTask" */;
			buildPhases = (
				5C791D1FA2359A8F9EE06FD7 /* [CP] Check Pods Manifest.lock */,
				ED65AFEA1FA9CB610067D01B /* Sources */,
				ED65AFEB1FA9CB610067D01B /* Frameworks */,
				ED65AFEC1FA9CB610067D01B /* Resources */,
				90C73516DB2CF469E9D0E4BD /* [CP] Embed Pods Frameworks */,
				3158008BB93DA03C4ED8A524 /* [CP] Copy Pods Resources */,
			);
			buildRules = (
			);
			dependencies = (
			);
			name = fiveCardsTechnicalTask;
			productName = fiveCardsTechnicalTask;
			productReference = ED65AFEE1FA9CB610067D01B /* fiveCardsTechnicalTask.app */;
			productType = "com.apple.product-type.application";
		};
/* End PBXNativeTarget section */

/* Begin PBXProject section */
		ED65AFE61FA9CB610067D01B /* Project object */ = {
			isa = PBXProject;
			attributes = {
				LastSwiftUpdateCheck = 0900;
				LastUpgradeCheck = 0900;
				ORGANIZATIONNAME = "Gleb Kalachev";
				TargetAttributes = {
					ED65AFED1FA9CB610067D01B = {
						CreatedOnToolsVersion = 9.0.1;
						ProvisioningStyle = Automatic;
					};
				};
			};
			buildConfigurationList = ED65AFE91FA9CB610067D01B /* Build configuration list for PBXProject "fiveCardsTechnicalTask" */;
			compatibilityVersion = "Xcode 8.0";
			developmentRegion = en;
			hasScannedForEncodings = 0;
			knownRegions = (
				en,
				Base,
			);
			mainGroup = ED65AFE51FA9CB610067D01B;
			productRefGroup = ED65AFEF1FA9CB610067D01B /* Products */;
			projectDirPath = "";
			projectRoot = "";
			targets = (
				ED65AFED1FA9CB610067D01B /* fiveCardsTechnicalTask */,
			);
		};
/* End PBXProject section */

/* Begin PBXResourcesBuildPhase section */
		ED65AFEC1FA9CB610067D01B /* Resources */ = {
			isa = PBXResourcesBuildPhase;
			buildActionMask = 2147483647;
			files = (
				ED65AFFC1FA9CB610067D01B /* LaunchScreen.storyboard in Resources */,
				ED65AFF91FA9CB610067D01B /* Assets.xcassets in Resources */,
				ED65AFF71FA9CB610067D01B /* Main.storyboard in Resources */,
			);
			runOnlyForDeploymentPostprocessing = 0;
		};
/* End PBXResourcesBuildPhase section */

/* Begin PBXShellScriptBuildPhase section */
		3158008BB93DA03C4ED8A524 /* [CP] Copy Pods Resources */ = {
			isa = PBXShellScriptBuildPhase;
			buildActionMask = 2147483647;
			files = (
			);
			inputPaths = (
			);
			name = "[CP] Copy Pods Resources";
			outputPaths = (
			);
			runOnlyForDeploymentPostprocessing = 0;
			shellPath = /bin/sh;
			shellScript = "\"${SRCROOT}/Pods/Target Support Files/Pods-fiveCardsTechnicalTask/Pods-fiveCardsTechnicalTask-resources.sh\"\n";
			showEnvVarsInLog = 0;
		};
		5C791D1FA2359A8F9EE06FD7 /* [CP] Check Pods Manifest.lock */ = {
			isa = PBXShellScriptBuildPhase;
			buildActionMask = 2147483647;
			files = (
			);
			inputPaths = (
				"${PODS_PODFILE_DIR_PATH}/Podfile.lock",
				"${PODS_ROOT}/Manifest.lock",
			);
			name = "[CP] Check Pods Manifest.lock";
			outputPaths = (
				"$(DERIVED_FILE_DIR)/Pods-fiveCardsTechnicalTask-checkManifestLockResult.txt",
			);
			runOnlyForDeploymentPostprocessing = 0;
			shellPath = /bin/sh;
			shellScript = "diff \"${PODS_PODFILE_DIR_PATH}/Podfile.lock\" \"${PODS_ROOT}/Manifest.lock\" > /dev/null\nif [ $? != 0 ] ; then\n    # print error to STDERR\n    echo \"error: The sandbox is not in sync with the Podfile.lock. Run 'pod install' or update your CocoaPods installation.\" >&2\n    exit 1\nfi\n# This output is used by Xcode 'outputs' to avoid re-running this script phase.\necho \"SUCCESS\" > \"${SCRIPT_OUTPUT_FILE_0}\"\n";
			showEnvVarsInLog = 0;
		};
		90C73516DB2CF469E9D0E4BD /* [CP] Embed Pods Frameworks */ = {
			isa = PBXShellScriptBuildPhase;
			buildActionMask = 2147483647;
			files = (
			);
			inputPaths = (
				"${SRCROOT}/Pods/Target Support Files/Pods-fiveCardsTechnicalTask/Pods-fiveCardsTechnicalTask-frameworks.sh",
				"${BUILT_PRODUCTS_DIR}/SwiftyJSON/SwiftyJSON.framework",
			);
			name = "[CP] Embed Pods Frameworks";
			outputPaths = (
				"${TARGET_BUILD_DIR}/${FRAMEWORKS_FOLDER_PATH}/SwiftyJSON.framework",
			);
			runOnlyForDeploymentPostprocessing = 0;
			shellPath = /bin/sh;
			shellScript = "\"${SRCROOT}/Pods/Target Support Files/Pods-fiveCardsTechnicalTask/Pods-fiveCardsTechnicalTask-frameworks.sh\"\n";
			showEnvVarsInLog = 0;
		};
/* End PBXShellScriptBuildPhase section */

/* Begin PBXSourcesBuildPhase section */
		ED65AFEA1FA9CB610067D01B /* Sources */ = {
			isa = PBXSourcesBuildPhase;
			buildActionMask = 2147483647;
			files = (
				ED65B0061FA9D2D10067D01B /* RoundedView.swift in Sources */,
				ED65AFF41FA9CB610067D01B /* MainViewController.swift in Sources */,
				ED65B00D1FA9EAAE0067D01B /* CommentViewController.swift in Sources */,
				ED65B00F1FA9EABC0067D01B /* UsersViewController.swift in Sources */,
				ED65B0151FA9EB760067D01B /* UserTableViewCell.swift in Sources */,
				ED65B0051FA9D2D10067D01B /* RoundedButton.swift in Sources */,
				ED65B0111FA9EAC50067D01B /* PhotoViewController.swift in Sources */,
				ED65AFF21FA9CB610067D01B /* AppDelegate.swift in Sources */,
				ED65B0131FA9EACF0067D01B /* RandomTodoViewController.swift in Sources */,
				ED65B00B1FA9EA9B0067D01B /* PostViewController.swift in Sources */,
			);
			runOnlyForDeploymentPostprocessing = 0;
		};
/* End PBXSourcesBuildPhase section */

/* Begin PBXVariantGroup section */
		ED65AFF51FA9CB610067D01B /* Main.storyboard */ = {
			isa = PBXVariantGroup;
			children = (
				ED65AFF61FA9CB610067D01B /* Base */,
			);
			name = Main.storyboard;
			sourceTree = "<group>";
		};
		ED65AFFA1FA9CB610067D01B /* LaunchScreen.storyboard */ = {
			isa = PBXVariantGroup;
			children = (
				ED65AFFB1FA9CB610067D01B /* Base */,
			);
			name = LaunchScreen.storyboard;
			sourceTree = "<group>";
		};
/* End PBXVariantGroup section */

/* Begin XCBuildConfiguration section */
		ED65AFFE1FA9CB610067D01B /* Debug */ = {
			isa = XCBuildConfiguration;
			buildSettings = {
				ALWAYS_SEARCH_USER_PATHS = NO;
				CLANG_ANALYZER_NONNULL = YES;
				CLANG_ANALYZER_NUMBER_OBJECT_CONVERSION = YES_AGGRESSIVE;
				CLANG_CXX_LANGUAGE_STANDARD = "gnu++14";
				CLANG_CXX_LIBRARY = "libc++";
				CLANG_ENABLE_MODULES = YES;
				CLANG_ENABLE_OBJC_ARC = YES;
				CLANG_WARN_BLOCK_CAPTURE_AUTORELEASING = YES;
				CLANG_WARN_BOOL_CONVERSION = YES;
				CLANG_WARN_COMMA = YES;
				CLANG_WARN_CONSTANT_CONVERSION = YES;
				CLANG_WARN_DIRECT_OBJC_ISA_USAGE = YES_ERROR;
				CLANG_WARN_DOCUMENTATION_COMMENTS = YES;
				CLANG_WARN_EMPTY_BODY = YES;
				CLANG_WARN_ENUM_CONVERSION = YES;
				CLANG_WARN_INFINITE_RECURSION = YES;
				CLANG_WARN_INT_CONVERSION = YES;
				CLANG_WARN_NON_LITERAL_NULL_CONVERSION = YES;
				CLANG_WARN_OBJC_LITERAL_CONVERSION = YES;
				CLANG_WARN_OBJC_ROOT_CLASS = YES_ERROR;
				CLANG_WARN_RANGE_LOOP_ANALYSIS = YES;
				CLANG_WARN_STRICT_PROTOTYPES = YES;
				CLANG_WARN_SUSPICIOUS_MOVE = YES;
				CLANG_WARN_UNGUARDED_AVAILABILITY = YES_AGGRESSIVE;
				CLANG_WARN_UNREACHABLE_CODE = YES;
				CLANG_WARN__DUPLICATE_METHOD_MATCH = YES;
				CODE_SIGN_IDENTITY = "iPhone Developer";
				COPY_PHASE_STRIP = NO;
				DEBUG_INFORMATION_FORMAT = dwarf;
				ENABLE_STRICT_OBJC_MSGSEND = YES;
				ENABLE_TESTABILITY = YES;
				GCC_C_LANGUAGE_STANDARD = gnu11;
				GCC_DYNAMIC_NO_PIC = NO;
				GCC_NO_COMMON_BLOCKS = YES;
				GCC_OPTIMIZATION_LEVEL = 0;
				GCC_PREPROCESSOR_DEFINITIONS = (
					"DEBUG=1",
					"$(inherited)",
				);
				GCC_WARN_64_TO_32_BIT_CONVERSION = YES;
				GCC_WARN_ABOUT_RETURN_TYPE = YES_ERROR;
				GCC_WARN_UNDECLARED_SELECTOR = YES;
				GCC_WARN_UNINITIALIZED_AUTOS = YES_AGGRESSIVE;
				GCC_WARN_UNUSED_FUNCTION = YES;
				GCC_WARN_UNUSED_VARIABLE = YES;
				IPHONEOS_DEPLOYMENT_TARGET = 11.0;
				MTL_ENABLE_DEBUG_INFO = YES;
				ONLY_ACTIVE_ARCH = YES;
				SDKROOT = iphoneos;
				SWIFT_ACTIVE_COMPILATION_CONDITIONS = DEBUG;
				SWIFT_OPTIMIZATION_LEVEL = "-Onone";
			};
			name = Debug;
		};
		ED65AFFF1FA9CB610067D01B /* Release */ = {
			isa = XCBuildConfiguration;
			buildSettings = {
				ALWAYS_SEARCH_USER_PATHS = NO;
				CLANG_ANALYZER_NONNULL = YES;
				CLANG_ANALYZER_NUMBER_OBJECT_CONVERSION = YES_AGGRESSIVE;
				CLANG_CXX_LANGUAGE_STANDARD = "gnu++14";
				CLANG_CXX_LIBRARY = "libc++";
				CLANG_ENABLE_MODULES = YES;
				CLANG_ENABLE_OBJC_ARC = YES;
				CLANG_WARN_BLOCK_CAPTURE_AUTORELEASING = YES;
				CLANG_WARN_BOOL_CONVERSION = YES;
				CLANG_WARN_COMMA = YES;
				CLANG_WARN_CONSTANT_CONVERSION = YES;
				CLANG_WARN_DIRECT_OBJC_ISA_USAGE = YES_ERROR;
				CLANG_WARN_DOCUMENTATION_COMMENTS = YES;
				CLANG_WARN_EMPTY_BODY = YES;
				CLANG_WARN_ENUM_CONVERSION = YES;
				CLANG_WARN_INFINITE_RECURSION = YES;
				CLANG_WARN_INT_CONVERSION = YES;
				CLANG_WARN_NON_LITERAL_NULL_CONVERSION = YES;
				CLANG_WARN_OBJC_LITERAL_CONVERSION = YES;
				CLANG_WARN_OBJC_ROOT_CLASS = YES_ERROR;
				CLANG_WARN_RANGE_LOOP_ANALYSIS = YES;
				CLANG_WARN_STRICT_PROTOTYPES = YES;
				CLANG_WARN_SUSPICIOUS_MOVE = YES;
				CLANG_WARN_UNGUARDED_AVAILABILITY = YES_AGGRESSIVE;
				CLANG_WARN_UNREACHABLE_CODE = YES;
				CLANG_WARN__DUPLICATE_METHOD_MATCH = YES;
				CODE_SIGN_IDENTITY = "iPhone Developer";
				COPY_PHASE_STRIP = NO;
				DEBUG_INFORMATION_FORMAT = "dwarf-with-dsym";
				ENABLE_NS_ASSERTIONS = NO;
				ENABLE_STRICT_OBJC_MSGSEND = YES;
				GCC_C_LANGUAGE_STANDARD = gnu11;
				GCC_NO_COMMON_BLOCKS = YES;
				GCC_WARN_64_TO_32_BIT_CONVERSION = YES;
				GCC_WARN_ABOUT_RETURN_TYPE = YES_ERROR;
				GCC_WARN_UNDECLARED_SELECTOR = YES;
				GCC_WARN_UNINITIALIZED_AUTOS = YES_AGGRESSIVE;
				GCC_WARN_UNUSED_FUNCTION = YES;
				GCC_WARN_UNUSED_VARIABLE = YES;
				IPHONEOS_DEPLOYMENT_TARGET = 11.0;
				MTL_ENABLE_DEBUG_INFO = NO;
				SDKROOT = iphoneos;
				SWIFT_OPTIMIZATION_LEVEL = "-Owholemodule";
				VALIDATE_PRODUCT = YES;
			};
			name = Release;
		};
		ED65B0011FA9CB610067D01B /* Debug */ = {
			isa = XCBuildConfiguration;
			baseConfigurationReference = B81BD72CF9364F7533430CFD /* Pods-fiveCardsTechnicalTask.debug.xcconfig */;
			buildSettings = {
				ASSETCATALOG_COMPILER_APPICON_NAME = AppIcon;
				CODE_SIGN_STYLE = Automatic;
				DEVELOPMENT_TEAM = 6WBATSU6B5;
				INFOPLIST_FILE = fiveCardsTechnicalTask/Info.plist;
				LD_RUNPATH_SEARCH_PATHS = "$(inherited) @executable_path/Frameworks";
				PRODUCT_BUNDLE_IDENTIFIER = GGhost.fiveCardsTechnicalTask;
				PRODUCT_NAME = "$(TARGET_NAME)";
				SWIFT_VERSION = 4.0;
				TARGETED_DEVICE_FAMILY = "1,2";
			};
			name = Debug;
		};
		ED65B0021FA9CB610067D01B /* Release */ = {
			isa = XCBuildConfiguration;
			baseConfigurationReference = 9AC8D7555C1F5B59CA8B9261 /* Pods-fiveCardsTechnicalTask.release.xcconfig */;
			buildSettings = {
				ASSETCATALOG_COMPILER_APPICON_NAME = AppIcon;
				CODE_SIGN_STYLE = Automatic;
				DEVELOPMENT_TEAM = 6WBATSU6B5;
				INFOPLIST_FILE = fiveCardsTechnicalTask/Info.plist;
				LD_RUNPATH_SEARCH_PATHS = "$(inherited) @executable_path/Frameworks";
				PRODUCT_BUNDLE_IDENTIFIER = GGhost.fiveCardsTechnicalTask;
				PRODUCT_NAME = "$(TARGET_NAME)";
				SWIFT_VERSION = 4.0;
				TARGETED_DEVICE_FAMILY = "1,2";
			};
			name = Release;
		};
/* End XCBuildConfiguration section */

/* Begin XCConfigurationList section */
		ED65AFE91FA9CB610067D01B /* Build configuration list for PBXProject "fiveCardsTechnicalTask" */ = {
			isa = XCConfigurationList;
			buildConfigurations = (
				ED65AFFE1FA9CB610067D01B /* Debug */,
				ED65AFFF1FA9CB610067D01B /* Release */,
			);
			defaultConfigurationIsVisible = 0;
			defaultConfigurationName = Release;
		};
		ED65B0001FA9CB610067D01B /* Build configuration list for PBXNativeTarget "fiveCardsTechnicalTask" */ = {
			isa = XCConfigurationList;
			buildConfigurations = (
				ED65B0011FA9CB610067D01B /* Debug */,
				ED65B0021FA9CB610067D01B /* Release */,
			);
			defaultConfigurationIsVisible = 0;
			defaultConfigurationName = Release;
		};
/* End XCConfigurationList section */
	};
	rootObject = ED65AFE61FA9CB610067D01B /* Project object */;
}
